
Microsoft Visual Studio Solution File, Format Version 12.00
# Visual Studio Version 16
VisualStudioVersion = 16.0.32929.386
MinimumVisualStudioVersion = 10.0.40219.1
Project("{FAE04EC0-301F-11D3-BF4B-00C04F79EFBC}") = "Lab 6.1", "Lab 6.1\Lab 6.1.csproj", "{671093B5-320F-42FB-AA3C-2CDAD8C39E5B}"
EndProject
Global
	GlobalSection(SolutionConfigurationPlatforms) = preSolution
		Debug|Any CPU = Debug|Any CPU
		Release|Any CPU = Release|Any CPU
	EndGlobalSection
	GlobalSection(ProjectConfigurationPlatforms) = postSolution
		{671093B5-320F-42FB-AA3C-2CDAD8C39E5B}.Debug|Any CPU.ActiveCfg = Debug|Any CPU
		{671093B5-320F-42FB-AA3C-2CDAD8C39E5B}.Debug|Any CPU.Build.0 = Debug|Any CPU
		{671093B5-320F-42FB-AA3C-2CDAD8C39E5B}.Release|Any CPU.ActiveCfg = Release|Any CPU
		{671093B5-320F-42FB-AA3C-2CDAD8C39E5B}.Release|Any CPU.Build.0 = Release|Any CPU
	EndGlobalSection
	GlobalSection(SolutionProperties) = preSolution
		HideSolutionNode = FALSE
	EndGlobalSection
	GlobalSection(ExtensibilityGlobals) = postSolution
		SolutionGuid = {E185B611-405F-4054-87AB-EA538F2AAFF0}
	EndGlobalSection
EndGlobal
